
Microsoft Visual Studio Solution File, Format Version 12.00
# Visual Studio Version 16
VisualStudioVersion = 16.0.30804.86
MinimumVisualStudioVersion = 10.0.40219.1
Project("{9A19103F-16F7-4668-BE54-9A1E7A4F7556}") = "oop-6214421001-w04", "oop-6214421001-w04.csproj", "{B13F9A37-5489-4BC5-A61D-72A25D2ABE4E}"
EndProject
Global
	GlobalSection(SolutionConfigurationPlatforms) = preSolution
		Debug|Any CPU = Debug|Any CPU
		Release|Any CPU = Release|Any CPU
	EndGlobalSection
	GlobalSection(ProjectConfigurationPlatforms) = postSolution
		{B13F9A37-5489-4BC5-A61D-72A25D2ABE4E}.Debug|Any CPU.ActiveCfg = Debug|Any CPU
		{B13F9A37-5489-4BC5-A61D-72A25D2ABE4E}.Debug|Any CPU.Build.0 = Debug|Any CPU
		{B13F9A37-5489-4BC5-A61D-72A25D2ABE4E}.Release|Any CPU.ActiveCfg = Release|Any CPU
		{B13F9A37-5489-4BC5-A61D-72A25D2ABE4E}.Release|Any CPU.Build.0 = Release|Any CPU
	EndGlobalSection
	GlobalSection(SolutionProperties) = preSolution
		HideSolutionNode = FALSE
	EndGlobalSection
	GlobalSection(ExtensibilityGlobals) = postSolution
		SolutionGuid = {810BF206-0672-46A3-A89B-3E504C9EAC2D}
	EndGlobalSection
EndGlobal
